PackratFormat: 1.4
PackratVersion: 0.5.0
RVersion: 4.0.3
Repos: CRAN=https://cran.csiro.au

Package: BH
Source: CRAN
Version: 1.72.0-3
Hash: fc53be86f0b712d3de03fef95893d710

Package: R6
Source: CRAN
Version: 2.5.0
Hash: 25ebbd2664a276c915984da5c820c404

Package: Rcpp
Source: CRAN
Version: 1.0.5
Hash: f6e400231df42179d6ce8fb35e52bf3f

Package: askpass
Source: CRAN
Version: 1.1
Hash: 6f6c430e3cd0dd7d48f447700f4d7e7f
Requires: sys

Package: base64enc
Source: CRAN
Version: 0.1-3
Hash: c590d29e555926af053055e23ee79efb

Package: bookdown
Source: CRAN
Version: 0.21
Hash: 1e41ab45f08d729c2450573598c4feaf
Requires: htmltools, knitr, rmarkdown, tinytex, xfun, yaml

Package: callr
Source: CRAN
Version: 3.5.1
Hash: f9c95688940b93248943b187e998d743
Requires: R6, processx

Package: commonmark
Source: CRAN
Version: 1.7
Hash: 77f4ba718e2bad1877ef26e48cf8fa43

Package: crayon
Source: CRAN
Version: 1.3.4
Hash: ff2840dd9b0d563fc80377a5a45510cd

Package: curl
Source: CRAN
Version: 4.3
Hash: 3916ae5637dbaf5996dbde80ea92a047

Package: digest
Source: CRAN
Version: 0.6.27
Hash: 8ba156629c1537635b39332c93d8ed33

Package: evaluate
Source: CRAN
Version: 0.14
Hash: 18306cc3bc1aec7b7360eea8a0eb0ee1

Package: fastmap
Source: CRAN
Version: 1.0.1
Hash: d272cd728e4095b3964181b44763f46c

Package: glue
Source: CRAN
Version: 1.4.2
Hash: afa798ba9deec3676e20300b79094749

Package: highr
Source: CRAN
Version: 0.8
Hash: 16aa2cc98d7b68c9d148c263c8dcdbcd

Package: htmltools
Source: CRAN
Version: 0.5.0
Hash: 79070a001acba57f88692d17e859bac5
Requires: base64enc, digest, rlang

Package: htmlwidgets
Source: CRAN
Version: 1.5.3
Hash: 6405f8f000f8a52e0dc2f034b3693fe5
Requires: htmltools, jsonlite, yaml

Package: httpuv
Source: CRAN
Version: 1.5.4
Hash: cbba9b509a2e22abb779d78dc2d10347
Requires: BH, R6, Rcpp, later, promises

Package: jsonlite
Source: CRAN
Version: 1.7.2
Hash: a5965fb563ba3643e75c425a82f935e6

Package: knitr
Source: CRAN
Version: 1.30
Hash: 1a622820d7dd1ec61bb95ecf40fb166e
Requires: evaluate, highr, markdown, stringr, xfun, yaml

Package: later
Source: CRAN
Version: 1.1.0.1
Hash: 8f99c9a28895898e317aa151c270bfe8
Requires: BH, Rcpp, rlang

Package: magrittr
Source: CRAN
Version: 2.0.1
Hash: d3c166b0573ae8c918edf7221dfe7380

Package: markdown
Source: CRAN
Version: 1.1
Hash: 1b6a18fd395589425e338a47b999099f
Requires: mime, xfun

Package: mime
Source: CRAN
Version: 0.9
Hash: f3388735b4ddea072aff3be44f7f4968

Package: miniUI
Source: CRAN
Version: 0.1.1.1
Hash: c7e3ea486421c2fa5b03bb7fcd0415f6
Requires: htmltools, shiny

Package: openssl
Source: CRAN
Version: 1.4.3
Hash: cff3745af78f3fabe3175678c34b6510
Requires: askpass

Package: packrat
Source: CRAN
Version: 0.5.0
Hash: 498643e765d1442ba7b1160a1df3abf9

Package: processx
Source: CRAN
Version: 3.4.5
Hash: f136ca3e48b88288669ee4f6c2fe199a
Requires: R6, ps

Package: promises
Source: CRAN
Version: 1.1.1
Hash: 85e0d3e4b300ff725cc7779a4c322f63
Requires: R6, Rcpp, later, magrittr, rlang

Package: ps
Source: CRAN
Version: 1.5.0
Hash: 946ffa5494f6eec938430a80771832b7

Package: rlang
Source: CRAN
Version: 0.4.9
Hash: ae313ae34e2f40b6d8be5ede38c65c6b

Package: rmarkdown
Source: CRAN
Version: 2.6
Hash: 402f44f83b067913d6a3552d8068b01d
Requires: evaluate, htmltools, jsonlite, knitr, stringr, tinytex, xfun,
    yaml

Package: rsconnect
Source: CRAN
Version: 0.8.16
Hash: 88c8ca5cd5688ce9dfa26be667cabff9
Requires: curl, digest, jsonlite, openssl, packrat, rstudioapi, yaml

Package: rstudioapi
Source: CRAN
Version: 0.13
Hash: dab1619920bed1f1660a3d48e4f7cc7f

Package: servr
Source: CRAN
Version: 0.21
Hash: e50ced642226674ce4a3717a28a38acc
Requires: httpuv, jsonlite, mime, xfun

Package: shiny
Source: CRAN
Version: 1.5.0
Hash: c6e7eb15d6cd1f0f21b6afe871d6e106
Requires: R6, commonmark, crayon, digest, fastmap, glue, htmltools,
    httpuv, jsonlite, later, mime, promises, rlang, sourcetools, withr,
    xtable

Package: sourcetools
Source: CRAN
Version: 0.1.7
Hash: d093478ac90064e670cd4bf1a99b47b6

Package: stringi
Source: CRAN
Version: 1.5.3
Hash: 30919ce6e9ad5bb8e9fcb1ed59ebcd6e

Package: stringr
Source: CRAN
Version: 1.4.0
Hash: 67da32dbb2a7a16f2ef124336358e54a
Requires: glue, magrittr, stringi

Package: sys
Source: CRAN
Version: 3.4
Hash: 7fb0c9e1209a804b329a7df3cd422008

Package: testit
Source: CRAN
Version: 0.12
Hash: 8fe1d3b03dce1dbe1e9a2ad00660f927

Package: tinytex
Source: CRAN
Version: 0.28
Hash: 6e6eb4cce2d532e0c17fc1be33bf72ab
Requires: xfun

Package: tufte
Source: CRAN
Version: 0.9
Hash: 93d8b9b645dfbd78ba8dd0a4c6ad94c3
Requires: htmltools, knitr, rmarkdown, xfun

Package: webshot
Source: CRAN
Version: 0.5.2
Hash: 43c1ec9eb3b4d97e971a4963b7a2e155
Requires: callr, jsonlite, magrittr

Package: withr
Source: CRAN
Version: 2.3.0
Hash: 61705f0d3d88300a7b54bdf2e65df312

Package: xfun
Source: CRAN
Version: 0.19
Hash: 58d6de5d88b21a15421e42bebd64797d

Package: xtable
Source: CRAN
Version: 1.8-4
Hash: dc0d47261b678d26032363bebd050540

Package: yaml
Source: CRAN
Version: 2.2.1
Hash: 424bc11cc358f23187feaa7978628196
